
Microsoft Visual Studio Solution File, Format Version 12.00
# Visual Studio Version 16
VisualStudioVersion = 16.0.32228.343
MinimumVisualStudioVersion = 10.0.40219.1
Project("{FAE04EC0-301F-11D3-BF4B-00C04F79EFBC}") = "HelloWorld", "HelloWorld\HelloWorld.csproj", "{D820F9A1-BCBA-4937-A077-B439EA7B8C49}"
EndProject
Global
	GlobalSection(SolutionConfigurationPlatforms) = preSolution
		Debug|Any CPU = Debug|Any CPU
		Release|Any CPU = Release|Any CPU
	EndGlobalSection
	GlobalSection(ProjectConfigurationPlatforms) = postSolution
		{D820F9A1-BCBA-4937-A077-B439EA7B8C49}.Debug|Any CPU.ActiveCfg = Debug|Any CPU
		{D820F9A1-BCBA-4937-A077-B439EA7B8C49}.Debug|Any CPU.Build.0 = Debug|Any CPU
		{D820F9A1-BCBA-4937-A077-B439EA7B8C49}.Release|Any CPU.ActiveCfg = Release|Any CPU
		{D820F9A1-BCBA-4937-A077-B439EA7B8C49}.Release|Any CPU.Build.0 = Release|Any CPU
	EndGlobalSection
	GlobalSection(SolutionProperties) = preSolution
		HideSolutionNode = FALSE
	EndGlobalSection
	GlobalSection(ExtensibilityGlobals) = postSolution
		SolutionGuid = {21DFEF84-133F-4739-B2CE-5B9711D7F9E5}
	EndGlobalSection
EndGlobal
